
Microsoft Visual Studio Solution File, Format Version 12.00
# Visual Studio Version 17
VisualStudioVersion = 17.9.34607.119
MinimumVisualStudioVersion = 10.0.40219.1
Project("{FAE04EC0-301F-11D3-BF4B-00C04F79EFBC}") = "ForCalash", "ForCalash\ForCalash.csproj", "{ED13439F-6B0D-42C6-AF61-A18F322A309F}"
EndProject
Global
	GlobalSection(SolutionConfigurationPlatforms) = preSolution
		Debug|Any CPU = Debug|Any CPU
		Release|Any CPU = Release|Any CPU
	EndGlobalSection
	GlobalSection(ProjectConfigurationPlatforms) = postSolution
		{ED13439F-6B0D-42C6-AF61-A18F322A309F}.Debug|Any CPU.ActiveCfg = Debug|Any CPU
		{ED13439F-6B0D-42C6-AF61-A18F322A309F}.Debug|Any CPU.Build.0 = Debug|Any CPU
		{ED13439F-6B0D-42C6-AF61-A18F322A309F}.Release|Any CPU.ActiveCfg = Release|Any CPU
		{ED13439F-6B0D-42C6-AF61-A18F322A309F}.Release|Any CPU.Build.0 = Release|Any CPU
	EndGlobalSection
	GlobalSection(SolutionProperties) = preSolution
		HideSolutionNode = FALSE
	EndGlobalSection
	GlobalSection(ExtensibilityGlobals) = postSolution
		SolutionGuid = {33A6CA50-1223-42B6-BFED-4291B660B7CF}
	EndGlobalSection
EndGlobal
